{
    "_readme": [
        "This file locks the dependencies of your project to a known state",
        "Read more about it at https://getcomposer.org/doc/01-basic-usage.md#composer-lock-the-lock-file",
        "This file is @generated automatically"
    ],
    "hash": "d3960043674237b4127817ef84e76805",
    "packages": [
        {
            "name": "karazieiev/namecheap-php-sdk",
            "version": "v0.2.0",
            "source": {
                "type": "git",
                "url": "https://github.com/speedster-kiev/namecheap-php-sdk.git",
                "reference": "37adee240122312f6c8d0c5385ad23fc661cfab2"
            },
            "dist": {
                "type": "zip",
                "url": "https://api.github.com/repos/speedster-kiev/namecheap-php-sdk/zipball/37adee240122312f6c8d0c5385ad23fc661cfab2",
                "reference": "37adee240122312f6c8d0c5385ad23fc661cfab2",
                "shasum": ""
            },
            "require": {
                "php": ">=5.3.0"
            },
            "type": "library",
            "autoload": {
                "psr-0": {
                    "Namecheap\\": "src"
                }
            },
            "notification-url": "https://packagist.org/downloads/",
            "license": [
                "Apache-2.0"
            ],
            "authors": [
                {
                    "name": "Maksym Karazieiev",
                    "email": "mkarazeev@gmail.com",
                    "role": "Developer"
                }
            ],
            "description": "Namecheap API",
            "homepage": "https://github.com/speedster-kiev/namecheap-php-sdk",
            "keywords": [
                "api",
                "namecheap"
            ],
            "time": "2015-05-14 13:11:12"
        }
    ],
    "packages-dev": [],
    "aliases": [],
    "minimum-stability": "stable",
    "stability-flags": [],
    "prefer-stable": false,
    "prefer-lowest": false,
    "platform": [],
    "platform-dev": []
}
