{
    "_readme": [
        "This file locks the dependencies of your project to a known state",
        "Read more about it at https://getcomposer.org/doc/01-basic-usage.md#composer-lock-the-lock-file",
        "This file is @generated automatically"
    ],
    "hash": "72e45ec9e811932c4c38486e20454286",
    "packages": [
        {
            "name": "karazieiev/namecheap-php-sdk",
            "version": "dev-fix-dns-record-address",
            "source": {
                "type": "git",
                "url": "https://github.com/jdextraze/namecheap-php-sdk.git",
                "reference": "098f07d2eb4158c7beb75cd63bfcb37984c9d6dd"
            },
            "dist": {
                "type": "zip",
                "url": "https://api.github.com/repos/jdextraze/namecheap-php-sdk/zipball/098f07d2eb4158c7beb75cd63bfcb37984c9d6dd",
                "reference": "098f07d2eb4158c7beb75cd63bfcb37984c9d6dd",
                "shasum": ""
            },
            "require": {
                "php": ">=5.3.0"
            },
            "type": "library",
            "autoload": {
                "psr-0": {
                    "Namecheap\\": "src"
                }
            },
            "license": [
                "Apache-2.0"
            ],
            "authors": [
                {
                    "name": "Maksym Karazieiev",
                    "email": "mkarazeev@gmail.com",
                    "homepage": "",
                    "role": "Developer"
                }
            ],
            "description": "Namecheap API",
            "homepage": "https://github.com/speedster-kiev/namecheap-php-sdk",
            "keywords": [
                "api",
                "namecheap"
            ],
            "support": {
                "source": "https://github.com/jdextraze/namecheap-php-sdk/tree/fix-dns-record-address"
            },
            "time": "2015-05-31 02:28:25"
        }
    ],
    "packages-dev": [],
    "aliases": [],
    "minimum-stability": "stable",
    "stability-flags": {
        "karazieiev/namecheap-php-sdk": 20
    },
    "prefer-stable": false,
    "prefer-lowest": false,
    "platform": [],
    "platform-dev": []
}
